
Microsoft Visual Studio Solution File, Format Version 12.00
# Visual Studio Version 16
VisualStudioVersion = 16.0.29326.143
MinimumVisualStudioVersion = 10.0.40219.1
Project("{FAE04EC0-301F-11D3-BF4B-00C04F79EFBC}") = "CalculatorDemo", "CalculatorDemo\CalculatorDemo.csproj", "{C1E65B21-D16C-455A-BE74-A6A6A1524176}"
EndProject
Global
	GlobalSection(SolutionConfigurationPlatforms) = preSolution
		Debug|Any CPU = Debug|Any CPU
		Release|Any CPU = Release|Any CPU
	EndGlobalSection
	GlobalSection(ProjectConfigurationPlatforms) = postSolution
		{C1E65B21-D16C-455A-BE74-A6A6A1524176}.Debug|Any CPU.ActiveCfg = Debug|Any CPU
		{C1E65B21-D16C-455A-BE74-A6A6A1524176}.Debug|Any CPU.Build.0 = Debug|Any CPU
		{C1E65B21-D16C-455A-BE74-A6A6A1524176}.Release|Any CPU.ActiveCfg = Release|Any CPU
		{C1E65B21-D16C-455A-BE74-A6A6A1524176}.Release|Any CPU.Build.0 = Release|Any CPU
	EndGlobalSection
	GlobalSection(SolutionProperties) = preSolution
		HideSolutionNode = FALSE
	EndGlobalSection
	GlobalSection(ExtensibilityGlobals) = postSolution
		SolutionGuid = {F7DBC385-AD94-4B7D-B32B-8909F14E1CD8}
	EndGlobalSection
EndGlobal
